// !$*UTF8*$!
{
	archiveVersion = 1;
	classes = {
	};
	objectVersion = 46;
	objects = {

/* Begin PBXBuildFile section */
		AD08742B1661153900EA46AD /* UITableViewCellCrackTableCell.m in Sources */ = {isa = PBXBuildFile; fileRef = AD08742A1661153900EA46AD /* UITableViewCellCrackTableCell.m */; };
		AD2C49C816670928003AAE48 /* MBProgressHUD in Resources */ = {isa = PBXBuildFile; fileRef = AD2C49C716670928003AAE48 /* MBProgressHUD */; };
		E918AB5B1662DC94004DCEBA /* AppList.m in Sources */ = {isa = PBXBuildFile; fileRef = E918AB4E1662DC94004DCEBA /* AppList.m */; settings = {COMPILER_FLAGS = "-fno-objc-arc"; }; };
		E918AB5C1662DC94004DCEBA /* ClutchConfiguration.m in Sources */ = {isa = PBXBuildFile; fileRef = E918AB501662DC94004DCEBA /* ClutchConfiguration.m */; settings = {COMPILER_FLAGS = "-fno-objc-arc"; }; };
		E918AB5D1662DC94004DCEBA /* crack.m in Sources */ = {isa = PBXBuildFile; fileRef = E918AB521662DC94004DCEBA /* crack.m */; settings = {COMPILER_FLAGS = "-fno-objc-arc"; }; };
		E918AB5E1662DC94004DCEBA /* dump.m in Sources */ = {isa = PBXBuildFile; fileRef = E918AB541662DC94004DCEBA /* dump.m */; settings = {COMPILER_FLAGS = "-fno-objc-arc"; }; };
		E918AB5F1662DC94004DCEBA /* out.m in Sources */ = {isa = PBXBuildFile; fileRef = E918AB561662DC94004DCEBA /* out.m */; settings = {COMPILER_FLAGS = "-fno-objc-arc"; }; };
		E918AB601662DC94004DCEBA /* scinfo.m in Sources */ = {isa = PBXBuildFile; fileRef = E918AB581662DC94004DCEBA /* scinfo.m */; settings = {COMPILER_FLAGS = "-fno-objc-arc"; }; };
		E918AB611662DC94004DCEBA /* sha1.c in Sources */ = {isa = PBXBuildFile; fileRef = E918AB591662DC94004DCEBA /* sha1.c */; settings = {COMPILER_FLAGS = "-fno-objc-arc"; }; };
		E91ED015165F2C8A002AB7B4 /* AppListTableViewController_iPad.xib in Resources */ = {isa = PBXBuildFile; fileRef = E91ED00D165F2C8A002AB7B4 /* AppListTableViewController_iPad.xib */; };
		E91ED016165F2C8A002AB7B4 /* AppListTableViewController_iPhone.xib in Resources */ = {isa = PBXBuildFile; fileRef = E91ED00E165F2C8A002AB7B4 /* AppListTableViewController_iPhone.xib */; };
		E91ED017165F2C8A002AB7B4 /* AppListTableViewController.m in Sources */ = {isa = PBXBuildFile; fileRef = E91ED010165F2C8A002AB7B4 /* AppListTableViewController.m */; };
		E91ED018165F2C8A002AB7B4 /* LoginViewController_iPad.xib in Resources */ = {isa = PBXBuildFile; fileRef = E91ED011165F2C8A002AB7B4 /* LoginViewController_iPad.xib */; };
		E91ED019165F2C8A002AB7B4 /* LoginViewController_iPhone.xib in Resources */ = {isa = PBXBuildFile; fileRef = E91ED012165F2C8A002AB7B4 /* LoginViewController_iPhone.xib */; };
		E91ED01A165F2C8A002AB7B4 /* LoginViewController.m in Sources */ = {isa = PBXBuildFile; fileRef = E91ED014165F2C8A002AB7B4 /* LoginViewController.m */; };
		E91ED01F165F2CA4002AB7B4 /* CrackTableViewController_iPad.xib in Resources */ = {isa = PBXBuildFile; fileRef = E91ED01B165F2CA4002AB7B4 /* CrackTableViewController_iPad.xib */; };
		E91ED020165F2CA4002AB7B4 /* CrackTableViewController_iPhone.xib in Resources */ = {isa = PBXBuildFile; fileRef = E91ED01C165F2CA4002AB7B4 /* CrackTableViewController_iPhone.xib */; };
		E91ED021165F2CA4002AB7B4 /* CrackTableViewController.m in Sources */ = {isa = PBXBuildFile; fileRef = E91ED01E165F2CA4002AB7B4 /* CrackTableViewController.m */; };
		E91ED026165F2CB7002AB7B4 /* SettingsTableViewController_iPad.xib in Resources */ = {isa = PBXBuildFile; fileRef = E91ED022165F2CB7002AB7B4 /* SettingsTableViewController_iPad.xib */; };
		E91ED027165F2CB7002AB7B4 /* SettingsTableViewController_iPhone.xib in Resources */ = {isa = PBXBuildFile; fileRef = E91ED023165F2CB7002AB7B4 /* SettingsTableViewController_iPhone.xib */; };
		E91ED028165F2CB7002AB7B4 /* SettingsTableViewController.m in Sources */ = {isa = PBXBuildFile; fileRef = E91ED025165F2CB7002AB7B4 /* SettingsTableViewController.m */; };
		E91ED02C165F2CC5002AB7B4 /* Default-568h@2x.png in Resources */ = {isa = PBXBuildFile; fileRef = E91ED029165F2CC5002AB7B4 /* Default-568h@2x.png */; };
		E91ED02D165F2CC5002AB7B4 /* Default.png in Resources */ = {isa = PBXBuildFile; fileRef = E91ED02A165F2CC5002AB7B4 /* Default.png */; };
		E91ED02E165F2CC5002AB7B4 /* Default@2x.png in Resources */ = {isa = PBXBuildFile; fileRef = E91ED02B165F2CC5002AB7B4 /* Default@2x.png */; };
		E9234CB5165FF75700AD9535 /* Application.m in Sources */ = {isa = PBXBuildFile; fileRef = E9234CB4165FF75700AD9535 /* Application.m */; };
		E9410BA5165F0EE700CBDF31 /* UIKit.framework in Frameworks */ = {isa = PBXBuildFile; fileRef = E9410BA4165F0EE700CBDF31 /* UIKit.framework */; };
		E9410BA7165F0EE700CBDF31 /* Foundation.framework in Frameworks */ = {isa = PBXBuildFile; fileRef = E9410BA6165F0EE700CBDF31 /* Foundation.framework */; };
		E9410BA9165F0EE700CBDF31 /* CoreGraphics.framework in Frameworks */ = {isa = PBXBuildFile; fileRef = E9410BA8165F0EE700CBDF31 /* CoreGraphics.framework */; };
		E9410BAF165F0EE800CBDF31 /* InfoPlist.strings in Resources */ = {isa = PBXBuildFile; fileRef = E9410BAD165F0EE800CBDF31 /* InfoPlist.strings */; };
		E9410BB1165F0EE800CBDF31 /* main.m in Sources */ = {isa = PBXBuildFile; fileRef = E9410BB0165F0EE800CBDF31 /* main.m */; };
		E9410BB5165F0EE800CBDF31 /* AppDelegate.m in Sources */ = {isa = PBXBuildFile; fileRef = E9410BB4165F0EE800CBDF31 /* AppDelegate.m */; };
		E98BCD2D1662C43E00B4C0A8 /* NLCUploadData.m in Sources */ = {isa = PBXBuildFile; fileRef = E98BCD2C1662C43E00B4C0A8 /* NLCUploadData.m */; };
		E9B87EC81660068C004208C6 /* UITableViewCellAppList.m in Sources */ = {isa = PBXBuildFile; fileRef = E9B87EC61660068C004208C6 /* UITableViewCellAppList.m */; };
		E9B87ED3166038F8004208C6 /* AppPlaceholder.png in Resources */ = {isa = PBXBuildFile; fileRef = E9B87ECF166038F8004208C6 /* AppPlaceholder.png */; };
		E9B87ED4166038F8004208C6 /* AppPlaceholder@2x.png in Resources */ = {isa = PBXBuildFile; fileRef = E9B87ED0166038F8004208C6 /* AppPlaceholder@2x.png */; };
		E9B87ED5166038F8004208C6 /* AppPlaceholderLarge.png in Resources */ = {isa = PBXBuildFile; fileRef = E9B87ED1166038F8004208C6 /* AppPlaceholderLarge.png */; };
		E9B87ED6166038F8004208C6 /* AppPlaceholderLarge@2x.png in Resources */ = {isa = PBXBuildFile; fileRef = E9B87ED2166038F8004208C6 /* AppPlaceholderLarge@2x.png */; };
		E9B87EDC16603B2F004208C6 /* QuartzCore.framework in Frameworks */ = {isa = PBXBuildFile; fileRef = E9B87EDB16603B2F004208C6 /* QuartzCore.framework */; };
		E9B87EE616604E09004208C6 /* Applications.png in Resources */ = {isa = PBXBuildFile; fileRef = E9B87EE016604E09004208C6 /* Applications.png */; };
		E9B87EE716604E09004208C6 /* Applications@2x.png in Resources */ = {isa = PBXBuildFile; fileRef = E9B87EE116604E09004208C6 /* Applications@2x.png */; };
		E9B87EE816604E09004208C6 /* Crack.png in Resources */ = {isa = PBXBuildFile; fileRef = E9B87EE216604E09004208C6 /* Crack.png */; };
		E9B87EE916604E09004208C6 /* Crack@2x.png in Resources */ = {isa = PBXBuildFile; fileRef = E9B87EE316604E09004208C6 /* Crack@2x.png */; };
		E9B87EEA16604E09004208C6 /* Settings.png in Resources */ = {isa = PBXBuildFile; fileRef = E9B87EE416604E09004208C6 /* Settings.png */; };
		E9B87EEB16604E09004208C6 /* Settings@2x.png in Resources */ = {isa = PBXBuildFile; fileRef = E9B87EE516604E09004208C6 /* Settings@2x.png */; };
		E9C7B6FE1664290300EDE4C6 /* NSString+NSString_MD5.m in Sources */ = {isa = PBXBuildFile; fileRef = E9C7B6FD1664290300EDE4C6 /* NSString+NSString_MD5.m */; };
		E9C7B8CE16642D0300EDE4C6 /* .gitattributes in Resources */ = {isa = PBXBuildFile; fileRef = E9C7B70216642D0300EDE4C6 /* .gitattributes */; };
		E9C7B8CF16642D0300EDE4C6 /* .gitignore in Resources */ = {isa = PBXBuildFile; fileRef = E9C7B70316642D0300EDE4C6 /* .gitignore */; };
		E9C7B8D016642D0300EDE4C6 /* NSObject+SBJson.m in Sources */ = {isa = PBXBuildFile; fileRef = E9C7B70616642D0300EDE4C6 /* NSObject+SBJson.m */; settings = {COMPILER_FLAGS = "-fno-objc-arc"; }; };
		E9C7B8D116642D0300EDE4C6 /* SBJsonParser.m in Sources */ = {isa = PBXBuildFile; fileRef = E9C7B70916642D0300EDE4C6 /* SBJsonParser.m */; settings = {COMPILER_FLAGS = "-fno-objc-arc"; }; };
		E9C7B8D216642D0300EDE4C6 /* SBJsonStreamParser.m in Sources */ = {isa = PBXBuildFile; fileRef = E9C7B70B16642D0300EDE4C6 /* SBJsonStreamParser.m */; settings = {COMPILER_FLAGS = "-fno-objc-arc"; }; };
		E9C7B8D316642D0300EDE4C6 /* SBJsonStreamParserAccumulator.m in Sources */ = {isa = PBXBuildFile; fileRef = E9C7B70D16642D0300EDE4C6 /* SBJsonStreamParserAccumulator.m */; settings = {COMPILER_FLAGS = "-fno-objc-arc"; }; };
		E9C7B8D416642D0300EDE4C6 /* SBJsonStreamParserAdapter.m in Sources */ = {isa = PBXBuildFile; fileRef = E9C7B70F16642D0300EDE4C6 /* SBJsonStreamParserAdapter.m */; settings = {COMPILER_FLAGS = "-fno-objc-arc"; }; };
		E9C7B8D516642D0300EDE4C6 /* SBJsonStreamParserState.m in Sources */ = {isa = PBXBuildFile; fileRef = E9C7B71116642D0300EDE4C6 /* SBJsonStreamParserState.m */; settings = {COMPILER_FLAGS = "-fno-objc-arc"; }; };
		E9C7B8D616642D0300EDE4C6 /* SBJsonStreamWriter.m in Sources */ = {isa = PBXBuildFile; fileRef = E9C7B71316642D0300EDE4C6 /* SBJsonStreamWriter.m */; settings = {COMPILER_FLAGS = "-fno-objc-arc"; }; };
		E9C7B8D716642D0300EDE4C6 /* SBJsonStreamWriterAccumulator.m in Sources */ = {isa = PBXBuildFile; fileRef = E9C7B71516642D0300EDE4C6 /* SBJsonStreamWriterAccumulator.m */; settings = {COMPILER_FLAGS = "-fno-objc-arc"; }; };
		E9C7B8D816642D0300EDE4C6 /* SBJsonStreamWriterState.m in Sources */ = {isa = PBXBuildFile; fileRef = E9C7B71716642D0300EDE4C6 /* SBJsonStreamWriterState.m */; settings = {COMPILER_FLAGS = "-fno-objc-arc"; }; };
		E9C7B8D916642D0300EDE4C6 /* SBJsonTokeniser.m in Sources */ = {isa = PBXBuildFile; fileRef = E9C7B71916642D0300EDE4C6 /* SBJsonTokeniser.m */; settings = {COMPILER_FLAGS = "-fno-objc-arc"; }; };
		E9C7B8DA16642D0300EDE4C6 /* SBJsonUTF8Stream.m in Sources */ = {isa = PBXBuildFile; fileRef = E9C7B71B16642D0300EDE4C6 /* SBJsonUTF8Stream.m */; settings = {COMPILER_FLAGS = "-fno-objc-arc"; }; };
		E9C7B8DB16642D0300EDE4C6 /* SBJsonWriter.m in Sources */ = {isa = PBXBuildFile; fileRef = E9C7B71D16642D0300EDE4C6 /* SBJsonWriter.m */; settings = {COMPILER_FLAGS = "-fno-objc-arc"; }; };
		E9C7B8DC16642D0300EDE4C6 /* CREDITS.md in Resources */ = {isa = PBXBuildFile; fileRef = E9C7B71E16642D0300EDE4C6 /* CREDITS.md */; };
		E9C7B8EF16642D0300EDE4C6 /* INSTALL.md in Resources */ = {isa = PBXBuildFile; fileRef = E9C7B74816642D0300EDE4C6 /* INSTALL.md */; };
		E9C7B8F016642D0300EDE4C6 /* InstallDocumentation.sh in Resources */ = {isa = PBXBuildFile; fileRef = E9C7B74916642D0300EDE4C6 /* InstallDocumentation.sh */; };
		E9C7B8F116642D0300EDE4C6 /* LICENSE.md in Resources */ = {isa = PBXBuildFile; fileRef = E9C7B74A16642D0300EDE4C6 /* LICENSE.md */; };
		E9C7B8F216642D0300EDE4C6 /* NEWS.md in Resources */ = {isa = PBXBuildFile; fileRef = E9C7B74B16642D0300EDE4C6 /* NEWS.md */; };
		E9C7B8F316642D0300EDE4C6 /* README.md in Resources */ = {isa = PBXBuildFile; fileRef = E9C7B74C16642D0300EDE4C6 /* README.md */; };
		E9C7B8F416642D0300EDE4C6 /* InfoPlist.strings in Resources */ = {isa = PBXBuildFile; fileRef = E9C7B74E16642D0300EDE4C6 /* InfoPlist.strings */; };
		E9C7B8F516642D0300EDE4C6 /* SBJson-Info.plist in Resources */ = {isa = PBXBuildFile; fileRef = E9C7B75016642D0300EDE4C6 /* SBJson-Info.plist */; };
		E9C7B8F816642D0300EDE4C6 /* SBJson.xcworkspace in Resources */ = {isa = PBXBuildFile; fileRef = E9C7B75C16642D0300EDE4C6 /* SBJson.xcworkspace */; };
		E9C7BA3616642D2300EDE4C6 /* README in Resources */ = {isa = PBXBuildFile; fileRef = E9C7BA1E16642D2300EDE4C6 /* README */; };
		E9C7BA3716642D2300EDE4C6 /* APIStatusCode.m in Sources */ = {isa = PBXBuildFile; fileRef = E9C7BA2116642D2300EDE4C6 /* APIStatusCode.m */; settings = {COMPILER_FLAGS = "-fno-objc-arc"; }; };
		E9C7BA3816642D2300EDE4C6 /* App.m in Sources */ = {isa = PBXBuildFile; fileRef = E9C7BA2416642D2300EDE4C6 /* App.m */; settings = {COMPILER_FLAGS = "-fno-objc-arc"; }; };
		E9C7BA3916642D2300EDE4C6 /* Bundle.m in Sources */ = {isa = PBXBuildFile; fileRef = E9C7BA2816642D2300EDE4C6 /* Bundle.m */; settings = {COMPILER_FLAGS = "-fno-objc-arc"; }; };
		E9C7BA3A16642D2300EDE4C6 /* Category.m in Sources */ = {isa = PBXBuildFile; fileRef = E9C7BA2B16642D2300EDE4C6 /* Category.m */; settings = {COMPILER_FLAGS = "-fno-objc-arc"; }; };
		E9C7BA3B16642D2300EDE4C6 /* Link.m in Sources */ = {isa = PBXBuildFile; fileRef = E9C7BA2E16642D2300EDE4C6 /* Link.m */; settings = {COMPILER_FLAGS = "-fno-objc-arc"; }; };
		E9C7BA3C16642D2300EDE4C6 /* Request.m in Sources */ = {isa = PBXBuildFile; fileRef = E9C7BA3016642D2300EDE4C6 /* Request.m */; settings = {COMPILER_FLAGS = "-fno-objc-arc"; }; };
		E9C7BA3D16642D2300EDE4C6 /* Screenshot.m in Sources */ = {isa = PBXBuildFile; fileRef = E9C7BA3316642D2300EDE4C6 /* Screenshot.m */; settings = {COMPILER_FLAGS = "-fno-objc-arc"; }; };
		E9C7BA3E16642D2300EDE4C6 /* User.m in Sources */ = {isa = PBXBuildFile; fileRef = E9C7BA3516642D2300EDE4C6 /* User.m */; settings = {COMPILER_FLAGS = "-fno-objc-arc"; }; };
/* End PBXBuildFile section */

/* Begin PBXContainerItemProxy section */
		E9C7BA0E16642D0400EDE4C6 /* PBXContainerItemProxy */ = {
			isa = PBXContainerItemProxy;
			containerPortal = E9C7B75916642D0300EDE4C6 /* SBJson.xcodeproj */;
			proxyType = 2;
			remoteGlobalIDString = BC12323D1391D5CC00131607;
			remoteInfo = SBJson;
		};
		E9C7BA1016642D0400EDE4C6 /* PBXContainerItemProxy */ = {
			isa = PBXContainerItemProxy;
			containerPortal = E9C7B75916642D0300EDE4C6 /* SBJson.xcodeproj */;
			proxyType = 2;
			remoteGlobalIDString = BC1232521391D5CC00131607;
			remoteInfo = SBJsonTests;
		};
		E9C7BA1216642D0400EDE4C6 /* PBXContainerItemProxy */ = {
			isa = PBXContainerItemProxy;
			containerPortal = E9C7B75916642D0300EDE4C6 /* SBJson.xcodeproj */;
			proxyType = 2;
			remoteGlobalIDString = BCC2626913920FC7003D9994;
			remoteInfo = "sbjson-ios";
		};
		E9C7BA1416642D0400EDE4C6 /* PBXContainerItemProxy */ = {
			isa = PBXContainerItemProxy;
			containerPortal = E9C7B75916642D0300EDE4C6 /* SBJson.xcodeproj */;
			proxyType = 2;
			remoteGlobalIDString = BCC2627313920FC7003D9994;
			remoteInfo = "sbjson-iosTests";
		};
/* End PBXContainerItemProxy section */

/* Begin PBXFileReference section */
		AD0874291661153900EA46AD /* UITableViewCellCrackTableCell.h */ = {isa = PBXFileReference; fileEncoding = 4; lastKnownFileType = sourcecode.c.h; name = UITableViewCellCrackTableCell.h; path = "Crack Tab/UITableViewCellCrackTableCell.h"; sourceTree = "<group>"; };
		AD08742A1661153900EA46AD /* UITableViewCellCrackTableCell.m */ = {isa = PBXFileReference; fileEncoding = 4; lastKnownFileType = sourcecode.c.objc; name = UITableViewCellCrackTableCell.m; path = "Crack Tab/UITableViewCellCrackTableCell.m"; sourceTree = "<group>"; };
		AD2C49C716670928003AAE48 /* MBProgressHUD */ = {isa = PBXFileReference; lastKnownFileType = folder; name = MBProgressHUD; path = "External Stuff/MBProgressHUD"; sourceTree = SOURCE_ROOT; };
		E918AB4D1662DC94004DCEBA /* AppList.h */ = {isa = PBXFileReference; fileEncoding = 4; lastKnownFileType = sourcecode.c.h; name = AppList.h; path = Clutch/AppList.h; sourceTree = "<group>"; };
		E918AB4E1662DC94004DCEBA /* AppList.m */ = {isa = PBXFileReference; fileEncoding = 4; lastKnownFileType = sourcecode.c.objc; name = AppList.m; path = Clutch/AppList.m; sourceTree = "<group>"; };
		E918AB4F1662DC94004DCEBA /* ClutchConfiguration.h */ = {isa = PBXFileReference; fileEncoding = 4; lastKnownFileType = sourcecode.c.h; name = ClutchConfiguration.h; path = Clutch/ClutchConfiguration.h; sourceTree = "<group>"; };
		E918AB501662DC94004DCEBA /* ClutchConfiguration.m */ = {isa = PBXFileReference; fileEncoding = 4; lastKnownFileType = sourcecode.c.objc; name = ClutchConfiguration.m; path = Clutch/ClutchConfiguration.m; sourceTree = "<group>"; };
		E918AB511662DC94004DCEBA /* crack.h */ = {isa = PBXFileReference; fileEncoding = 4; lastKnownFileType = sourcecode.c.h; name = crack.h; path = Clutch/crack.h; sourceTree = "<group>"; };
		E918AB521662DC94004DCEBA /* crack.m */ = {isa = PBXFileReference; fileEncoding = 4; lastKnownFileType = sourcecode.c.objc; name = crack.m; path = Clutch/crack.m; sourceTree = "<group>"; };
		E918AB531662DC94004DCEBA /* dump.h */ = {isa = PBXFileReference; fileEncoding = 4; lastKnownFileType = sourcecode.c.h; name = dump.h; path = Clutch/dump.h; sourceTree = "<group>"; };
		E918AB541662DC94004DCEBA /* dump.m */ = {isa = PBXFileReference; fileEncoding = 4; lastKnownFileType = sourcecode.c.objc; name = dump.m; path = Clutch/dump.m; sourceTree = "<group>"; };
		E918AB551662DC94004DCEBA /* out.h */ = {isa = PBXFileReference; fileEncoding = 4; lastKnownFileType = sourcecode.c.h; name = out.h; path = Clutch/out.h; sourceTree = "<group>"; };
		E918AB561662DC94004DCEBA /* out.m */ = {isa = PBXFileReference; fileEncoding = 4; lastKnownFileType = sourcecode.c.objc; name = out.m; path = Clutch/out.m; sourceTree = "<group>"; };
		E918AB571662DC94004DCEBA /* scinfo.h */ = {isa = PBXFileReference; fileEncoding = 4; lastKnownFileType = sourcecode.c.h; name = scinfo.h; path = Clutch/scinfo.h; sourceTree = "<group>"; };
		E918AB581662DC94004DCEBA /* scinfo.m */ = {isa = PBXFileReference; fileEncoding = 4; lastKnownFileType = sourcecode.c.objc; name = scinfo.m; path = Clutch/scinfo.m; sourceTree = "<group>"; };
		E918AB591662DC94004DCEBA /* sha1.c */ = {isa = PBXFileReference; fileEncoding = 4; lastKnownFileType = sourcecode.c.c; name = sha1.c; path = Clutch/sha1.c; sourceTree = "<group>"; };
		E918AB5A1662DC94004DCEBA /* sha1.h */ = {isa = PBXFileReference; fileEncoding = 4; lastKnownFileType = sourcecode.c.h; name = sha1.h; path = Clutch/sha1.h; sourceTree = "<group>"; };
		E91ED00D165F2C8A002AB7B4 /* AppListTableViewController_iPad.xib */ = {isa = PBXFileReference; fileEncoding = 4; lastKnownFileType = file.xib; name = AppListTableViewController_iPad.xib; path = "AppList Tab/AppListTableViewController_iPad.xib"; sourceTree = "<group>"; };
		E91ED00E165F2C8A002AB7B4 /* AppListTableViewController_iPhone.xib */ = {isa = PBXFileReference; fileEncoding = 4; lastKnownFileType = file.xib; name = AppListTableViewController_iPhone.xib; path = "AppList Tab/AppListTableViewController_iPhone.xib"; sourceTree = "<group>"; };
		E91ED00F165F2C8A002AB7B4 /* AppListTableViewController.h */ = {isa = PBXFileReference; fileEncoding = 4; lastKnownFileType = sourcecode.c.h; name = AppListTableViewController.h; path = "AppList Tab/AppListTableViewController.h"; sourceTree = "<group>"; };
		E91ED010165F2C8A002AB7B4 /* AppListTableViewController.m */ = {isa = PBXFileReference; fileEncoding = 4; lastKnownFileType = sourcecode.c.objc; name = AppListTableViewController.m; path = "AppList Tab/AppListTableViewController.m"; sourceTree = "<group>"; };
		E91ED011165F2C8A002AB7B4 /* LoginViewController_iPad.xib */ = {isa = PBXFileReference; fileEncoding = 4; lastKnownFileType = file.xib; name = LoginViewController_iPad.xib; path = "AppList Tab/LoginViewController_iPad.xib"; sourceTree = "<group>"; };
		E91ED012165F2C8A002AB7B4 /* LoginViewController_iPhone.xib */ = {isa = PBXFileReference; fileEncoding = 4; lastKnownFileType = file.xib; name = LoginViewController_iPhone.xib; path = "AppList Tab/LoginViewController_iPhone.xib"; sourceTree = "<group>"; };
		E91ED013165F2C8A002AB7B4 /* LoginViewController.h */ = {isa = PBXFileReference; fileEncoding = 4; lastKnownFileType = sourcecode.c.h; name = LoginViewController.h; path = "AppList Tab/LoginViewController.h"; sourceTree = "<group>"; };
		E91ED014165F2C8A002AB7B4 /* LoginViewController.m */ = {isa = PBXFileReference; fileEncoding = 4; lastKnownFileType = sourcecode.c.objc; name = LoginViewController.m; path = "AppList Tab/LoginViewController.m"; sourceTree = "<group>"; };
		E91ED01B165F2CA4002AB7B4 /* CrackTableViewController_iPad.xib */ = {isa = PBXFileReference; fileEncoding = 4; lastKnownFileType = file.xib; name = CrackTableViewController_iPad.xib; path = "Crack Tab/CrackTableViewController_iPad.xib"; sourceTree = "<group>"; };
		E91ED01C165F2CA4002AB7B4 /* CrackTableViewController_iPhone.xib */ = {isa = PBXFileReference; fileEncoding = 4; lastKnownFileType = file.xib; name = CrackTableViewController_iPhone.xib; path = "Crack Tab/CrackTableViewController_iPhone.xib"; sourceTree = "<group>"; };
		E91ED01D165F2CA4002AB7B4 /* CrackTableViewController.h */ = {isa = PBXFileReference; fileEncoding = 4; lastKnownFileType = sourcecode.c.h; name = CrackTableViewController.h; path = "Crack Tab/CrackTableViewController.h"; sourceTree = "<group>"; };
		E91ED01E165F2CA4002AB7B4 /* CrackTableViewController.m */ = {isa = PBXFileReference; fileEncoding = 4; lastKnownFileType = sourcecode.c.objc; name = CrackTableViewController.m; path = "Crack Tab/CrackTableViewController.m"; sourceTree = "<group>"; };
		E91ED022165F2CB7002AB7B4 /* SettingsTableViewController_iPad.xib */ = {isa = PBXFileReference; fileEncoding = 4; lastKnownFileType = file.xib; name = SettingsTableViewController_iPad.xib; path = "Settings Tab/SettingsTableViewController_iPad.xib"; sourceTree = "<group>"; };
		E91ED023165F2CB7002AB7B4 /* SettingsTableViewController_iPhone.xib */ = {isa = PBXFileReference; fileEncoding = 4; lastKnownFileType = file.xib; name = SettingsTableViewController_iPhone.xib; path = "Settings Tab/SettingsTableViewController_iPhone.xib"; sourceTree = "<group>"; };
		E91ED024165F2CB7002AB7B4 /* SettingsTableViewController.h */ = {isa = PBXFileReference; fileEncoding = 4; lastKnownFileType = sourcecode.c.h; name = SettingsTableViewController.h; path = "Settings Tab/SettingsTableViewController.h"; sourceTree = "<group>"; };
		E91ED025165F2CB7002AB7B4 /* SettingsTableViewController.m */ = {isa = PBXFileReference; fileEncoding = 4; lastKnownFileType = sourcecode.c.objc; name = SettingsTableViewController.m; path = "Settings Tab/SettingsTableViewController.m"; sourceTree = "<group>"; };
		E91ED029165F2CC5002AB7B4 /* Default-568h@2x.png */ = {isa = PBXFileReference; lastKnownFileType = image.png; name = "Default-568h@2x.png"; path = "Images/Default-568h@2x.png"; sourceTree = "<group>"; };
		E91ED02A165F2CC5002AB7B4 /* Default.png */ = {isa = PBXFileReference; lastKnownFileType = image.png; name = Default.png; path = Images/Default.png; sourceTree = "<group>"; };
		E91ED02B165F2CC5002AB7B4 /* Default@2x.png */ = {isa = PBXFileReference; lastKnownFileType = image.png; name = "Default@2x.png"; path = "Images/Default@2x.png"; sourceTree = "<group>"; };
		E9234CB3165FF75700AD9535 /* Application.h */ = {isa = PBXFileReference; fileEncoding = 4; lastKnownFileType = sourcecode.c.h; name = Application.h; path = "AppList Tab/Application.h"; sourceTree = "<group>"; };
		E9234CB4165FF75700AD9535 /* Application.m */ = {isa = PBXFileReference; fileEncoding = 4; lastKnownFileType = sourcecode.c.objc; name = Application.m; path = "AppList Tab/Application.m"; sourceTree = "<group>"; };
		E9410BA0165F0EE700CBDF31 /* Iljimae.app */ = {isa = PBXFileReference; explicitFileType = wrapper.application; includeInIndex = 0; path = Iljimae.app; sourceTree = BUILT_PRODUCTS_DIR; };
		E9410BA4165F0EE700CBDF31 /* UIKit.framework */ = {isa = PBXFileReference; lastKnownFileType = wrapper.framework; name = UIKit.framework; path = System/Library/Frameworks/UIKit.framework; sourceTree = SDKROOT; };
		E9410BA6165F0EE700CBDF31 /* Foundation.framework */ = {isa = PBXFileReference; lastKnownFileType = wrapper.framework; name = Foundation.framework; path = System/Library/Frameworks/Foundation.framework; sourceTree = SDKROOT; };
		E9410BA8165F0EE700CBDF31 /* CoreGraphics.framework */ = {isa = PBXFileReference; lastKnownFileType = wrapper.framework; name = CoreGraphics.framework; path = System/Library/Frameworks/CoreGraphics.framework; sourceTree = SDKROOT; };
		E9410BAC165F0EE800CBDF31 /* Iljimae-Info.plist */ = {isa = PBXFileReference; lastKnownFileType = text.plist.xml; path = "Iljimae-Info.plist"; sourceTree = "<group>"; };
		E9410BAE165F0EE800CBDF31 /* en */ = {isa = PBXFileReference; lastKnownFileType = text.plist.strings; name = en; path = en.lproj/InfoPlist.strings; sourceTree = "<group>"; };
		E9410BB0165F0EE800CBDF31 /* main.m */ = {isa = PBXFileReference; lastKnownFileType = sourcecode.c.objc; path = main.m; sourceTree = "<group>"; };
		E9410BB2165F0EE800CBDF31 /* Iljimae-Prefix.pch */ = {isa = PBXFileReference; lastKnownFileType = sourcecode.c.h; path = "Iljimae-Prefix.pch"; sourceTree = "<group>"; };
		E9410BB3165F0EE800CBDF31 /* AppDelegate.h */ = {isa = PBXFileReference; lastKnownFileType = sourcecode.c.h; path = AppDelegate.h; sourceTree = "<group>"; };
		E9410BB4165F0EE800CBDF31 /* AppDelegate.m */ = {isa = PBXFileReference; lastKnownFileType = sourcecode.c.objc; path = AppDelegate.m; sourceTree = "<group>"; };
		E98BCD2B1662C43E00B4C0A8 /* NLCUploadData.h */ = {isa = PBXFileReference; fileEncoding = 4; lastKnownFileType = sourcecode.c.h; path = NLCUploadData.h; sourceTree = "<group>"; };
		E98BCD2C1662C43E00B4C0A8 /* NLCUploadData.m */ = {isa = PBXFileReference; fileEncoding = 4; lastKnownFileType = sourcecode.c.objc; path = NLCUploadData.m; sourceTree = "<group>"; };
		E9B87EC51660068C004208C6 /* UITableViewCellAppList.h */ = {isa = PBXFileReference; fileEncoding = 4; lastKnownFileType = sourcecode.c.h; name = UITableViewCellAppList.h; path = "AppList Tab/UITableViewCellAppList.h"; sourceTree = "<group>"; };
		E9B87EC61660068C004208C6 /* UITableViewCellAppList.m */ = {isa = PBXFileReference; fileEncoding = 4; lastKnownFileType = sourcecode.c.objc; name = UITableViewCellAppList.m; path = "AppList Tab/UITableViewCellAppList.m"; sourceTree = "<group>"; };
		E9B87ECF166038F8004208C6 /* AppPlaceholder.png */ = {isa = PBXFileReference; lastKnownFileType = image.png; name = AppPlaceholder.png; path = Images/AppPlaceholder.png; sourceTree = "<group>"; };
		E9B87ED0166038F8004208C6 /* AppPlaceholder@2x.png */ = {isa = PBXFileReference; lastKnownFileType = image.png; name = "AppPlaceholder@2x.png"; path = "Images/AppPlaceholder@2x.png"; sourceTree = "<group>"; };
		E9B87ED1166038F8004208C6 /* AppPlaceholderLarge.png */ = {isa = PBXFileReference; lastKnownFileType = image.png; name = AppPlaceholderLarge.png; path = Images/AppPlaceholderLarge.png; sourceTree = "<group>"; };
		E9B87ED2166038F8004208C6 /* AppPlaceholderLarge@2x.png */ = {isa = PBXFileReference; lastKnownFileType = image.png; name = "AppPlaceholderLarge@2x.png"; path = "Images/AppPlaceholderLarge@2x.png"; sourceTree = "<group>"; };
		E9B87EDB16603B2F004208C6 /* QuartzCore.framework */ = {isa = PBXFileReference; lastKnownFileType = wrapper.framework; name = QuartzCore.framework; path = System/Library/Frameworks/QuartzCore.framework; sourceTree = SDKROOT; };
		E9B87EE016604E09004208C6 /* Applications.png */ = {isa = PBXFileReference; lastKnownFileType = image.png; name = Applications.png; path = Images/Applications.png; sourceTree = "<group>"; };
		E9B87EE116604E09004208C6 /* Applications@2x.png */ = {isa = PBXFileReference; lastKnownFileType = image.png; name = "Applications@2x.png"; path = "Images/Applications@2x.png"; sourceTree = "<group>"; };
		E9B87EE216604E09004208C6 /* Crack.png */ = {isa = PBXFileReference; lastKnownFileType = image.png; name = Crack.png; path = Images/Crack.png; sourceTree = "<group>"; };
		E9B87EE316604E09004208C6 /* Crack@2x.png */ = {isa = PBXFileReference; lastKnownFileType = image.png; name = "Crack@2x.png"; path = "Images/Crack@2x.png"; sourceTree = "<group>"; };
		E9B87EE416604E09004208C6 /* Settings.png */ = {isa = PBXFileReference; lastKnownFileType = image.png; name = Settings.png; path = Images/Settings.png; sourceTree = "<group>"; };
		E9B87EE516604E09004208C6 /* Settings@2x.png */ = {isa = PBXFileReference; lastKnownFileType = image.png; name = "Settings@2x.png"; path = "Images/Settings@2x.png"; sourceTree = "<group>"; };
		E9C7B6FC1664290300EDE4C6 /* NSString+NSString_MD5.h */ = {isa = PBXFileReference; fileEncoding = 4; lastKnownFileType = sourcecode.c.h; name = "NSString+NSString_MD5.h"; path = "Categories/NSString+NSString_MD5.h"; sourceTree = "<group>"; };
		E9C7B6FD1664290300EDE4C6 /* NSString+NSString_MD5.m */ = {isa = PBXFileReference; fileEncoding = 4; lastKnownFileType = sourcecode.c.objc; name = "NSString+NSString_MD5.m"; path = "Categories/NSString+NSString_MD5.m"; sourceTree = "<group>"; };
		E9C7B70216642D0300EDE4C6 /* .gitattributes */ = {isa = PBXFileReference; fileEncoding = 4; lastKnownFileType = text; path = .gitattributes; sourceTree = "<group>"; };
		E9C7B70316642D0300EDE4C6 /* .gitignore */ = {isa = PBXFileReference; fileEncoding = 4; lastKnownFileType = text; path = .gitignore; sourceTree = "<group>"; };
		E9C7B70516642D0300EDE4C6 /* NSObject+SBJson.h */ = {isa = PBXFileReference; fileEncoding = 4; lastKnownFileType = sourcecode.c.h; path = "NSObject+SBJson.h"; sourceTree = "<group>"; };
		E9C7B70616642D0300EDE4C6 /* NSObject+SBJson.m */ = {isa = PBXFileReference; fileEncoding = 4; lastKnownFileType = sourcecode.c.objc; path = "NSObject+SBJson.m"; sourceTree = "<group>"; };
		E9C7B70716642D0300EDE4C6 /* SBJson.h */ = {isa = PBXFileReference; fileEncoding = 4; lastKnownFileType = sourcecode.c.h; path = SBJson.h; sourceTree = "<group>"; };
		E9C7B70816642D0300EDE4C6 /* SBJsonParser.h */ = {isa = PBXFileReference; fileEncoding = 4; lastKnownFileType = sourcecode.c.h; path = SBJsonParser.h; sourceTree = "<group>"; };
		E9C7B70916642D0300EDE4C6 /* SBJsonParser.m */ = {isa = PBXFileReference; fileEncoding = 4; lastKnownFileType = sourcecode.c.objc; path = SBJsonParser.m; sourceTree = "<group>"; };
		E9C7B70A16642D0300EDE4C6 /* SBJsonStreamParser.h */ = {isa = PBXFileReference; fileEncoding = 4; lastKnownFileType = sourcecode.c.h; path = SBJsonStreamParser.h; sourceTree = "<group>"; };
		E9C7B70B16642D0300EDE4C6 /* SBJsonStreamParser.m */ = {isa = PBXFileReference; fileEncoding = 4; lastKnownFileType = sourcecode.c.objc; path = SBJsonStreamParser.m; sourceTree = "<group>"; };
		E9C7B70C16642D0300EDE4C6 /* SBJsonStreamParserAccumulator.h */ = {isa = PBXFileReference; fileEncoding = 4; lastKnownFileType = sourcecode.c.h; path = SBJsonStreamParserAccumulator.h; sourceTree = "<group>"; };
		E9C7B70D16642D0300EDE4C6 /* SBJsonStreamParserAccumulator.m */ = {isa = PBXFileReference; fileEncoding = 4; lastKnownFileType = sourcecode.c.objc; path = SBJsonStreamParserAccumulator.m; sourceTree = "<group>"; };
		E9C7B70E16642D0300EDE4C6 /* SBJsonStreamParserAdapter.h */ = {isa = PBXFileReference; fileEncoding = 4; lastKnownFileType = sourcecode.c.h; path = SBJsonStreamParserAdapter.h; sourceTree = "<group>"; };
		E9C7B70F16642D0300EDE4C6 /* SBJsonStreamParserAdapter.m */ = {isa = PBXFileReference; fileEncoding = 4; lastKnownFileType = sourcecode.c.objc; path = SBJsonStreamParserAdapter.m; sourceTree = "<group>"; };
		E9C7B71016642D0300EDE4C6 /* SBJsonStreamParserState.h */ = {isa = PBXFileReference; fileEncoding = 4; lastKnownFileType = sourcecode.c.h; path = SBJsonStreamParserState.h; sourceTree = "<group>"; };
		E9C7B71116642D0300EDE4C6 /* SBJsonStreamParserState.m */ = {isa = PBXFileReference; fileEncoding = 4; lastKnownFileType = sourcecode.c.objc; path = SBJsonStreamParserState.m; sourceTree = "<group>"; };
		E9C7B71216642D0300EDE4C6 /* SBJsonStreamWriter.h */ = {isa = PBXFileReference; fileEncoding = 4; lastKnownFileType = sourcecode.c.h; path = SBJsonStreamWriter.h; sourceTree = "<group>"; };
		E9C7B71316642D0300EDE4C6 /* SBJsonStreamWriter.m */ = {isa = PBXFileReference; fileEncoding = 4; lastKnownFileType = sourcecode.c.objc; path = SBJsonStreamWriter.m; sourceTree = "<group>"; };
		E9C7B71416642D0300EDE4C6 /* SBJsonStreamWriterAccumulator.h */ = {isa = PBXFileReference; fileEncoding = 4; lastKnownFileType = sourcecode.c.h; path = SBJsonStreamWriterAccumulator.h; sourceTree = "<group>"; };
		E9C7B71516642D0300EDE4C6 /* SBJsonStreamWriterAccumulator.m */ = {isa = PBXFileReference; fileEncoding = 4; lastKnownFileType = sourcecode.c.objc; path = SBJsonStreamWriterAccumulator.m; sourceTree = "<group>"; };
		E9C7B71616642D0300EDE4C6 /* SBJsonStreamWriterState.h */ = {isa = PBXFileReference; fileEncoding = 4; lastKnownFileType = sourcecode.c.h; path = SBJsonStreamWriterState.h; sourceTree = "<group>"; };
		E9C7B71716642D0300EDE4C6 /* SBJsonStreamWriterState.m */ = {isa = PBXFileReference; fileEncoding = 4; lastKnownFileType = sourcecode.c.objc; path = SBJsonStreamWriterState.m; sourceTree = "<group>"; };
		E9C7B71816642D0300EDE4C6 /* SBJsonTokeniser.h */ = {isa = PBXFileReference; fileEncoding = 4; lastKnownFileType = sourcecode.c.h; path = SBJsonTokeniser.h; sourceTree = "<group>"; };
		E9C7B71916642D0300EDE4C6 /* SBJsonTokeniser.m */ = {isa = PBXFileReference; fileEncoding = 4; lastKnownFileType = sourcecode.c.objc; path = SBJsonTokeniser.m; sourceTree = "<group>"; };
		E9C7B71A16642D0300EDE4C6 /* SBJsonUTF8Stream.h */ = {isa = PBXFileReference; fileEncoding = 4; lastKnownFileType = sourcecode.c.h; path = SBJsonUTF8Stream.h; sourceTree = "<group>"; };
		E9C7B71B16642D0300EDE4C6 /* SBJsonUTF8Stream.m */ = {isa = PBXFileReference; fileEncoding = 4; lastKnownFileType = sourcecode.c.objc; path = SBJsonUTF8Stream.m; sourceTree = "<group>"; };
		E9C7B71C16642D0300EDE4C6 /* SBJsonWriter.h */ = {isa = PBXFileReference; fileEncoding = 4; lastKnownFileType = sourcecode.c.h; path = SBJsonWriter.h; sourceTree = "<group>"; };
		E9C7B71D16642D0300EDE4C6 /* SBJsonWriter.m */ = {isa = PBXFileReference; fileEncoding = 4; lastKnownFileType = sourcecode.c.objc; path = SBJsonWriter.m; sourceTree = "<group>"; };
		E9C7B71E16642D0300EDE4C6 /* CREDITS.md */ = {isa = PBXFileReference; fileEncoding = 4; lastKnownFileType = text; path = CREDITS.md; sourceTree = "<group>"; };
		E9C7B74816642D0300EDE4C6 /* INSTALL.md */ = {isa = PBXFileReference; fileEncoding = 4; lastKnownFileType = text; path = INSTALL.md; sourceTree = "<group>"; };
		E9C7B74916642D0300EDE4C6 /* InstallDocumentation.sh */ = {isa = PBXFileReference; fileEncoding = 4; lastKnownFileType = text.script.sh; path = InstallDocumentation.sh; sourceTree = "<group>"; };
		E9C7B74A16642D0300EDE4C6 /* LICENSE.md */ = {isa = PBXFileReference; fileEncoding = 4; lastKnownFileType = text; path = LICENSE.md; sourceTree = "<group>"; };
		E9C7B74B16642D0300EDE4C6 /* NEWS.md */ = {isa = PBXFileReference; fileEncoding = 4; lastKnownFileType = text; path = NEWS.md; sourceTree = "<group>"; };
		E9C7B74C16642D0300EDE4C6 /* README.md */ = {isa = PBXFileReference; fileEncoding = 4; lastKnownFileType = text; path = README.md; sourceTree = "<group>"; };
		E9C7B74F16642D0300EDE4C6 /* en */ = {isa = PBXFileReference; lastKnownFileType = text.plist.strings; name = en; path = en.lproj/InfoPlist.strings; sourceTree = "<group>"; };
		E9C7B75016642D0300EDE4C6 /* SBJson-Info.plist */ = {isa = PBXFileReference; fileEncoding = 4; lastKnownFileType = text.plist.xml; path = "SBJson-Info.plist"; sourceTree = "<group>"; };
		E9C7B75116642D0300EDE4C6 /* SBJson-Prefix.pch */ = {isa = PBXFileReference; fileEncoding = 4; lastKnownFileType = sourcecode.c.h; path = "SBJson-Prefix.pch"; sourceTree = "<group>"; };
		E9C7B75916642D0300EDE4C6 /* SBJson.xcodeproj */ = {isa = PBXFileReference; lastKnownFileType = "wrapper.pb-project"; path = SBJson.xcodeproj; sourceTree = "<group>"; };
		E9C7B75C16642D0300EDE4C6 /* SBJson.xcworkspace */ = {isa = PBXFileReference; lastKnownFileType = wrapper.workspace; path = SBJson.xcworkspace; sourceTree = "<group>"; };
		E9C7BA1E16642D2300EDE4C6 /* README */ = {isa = PBXFileReference; fileEncoding = 4; lastKnownFileType = text; path = README; sourceTree = "<group>"; };
		E9C7BA2016642D2300EDE4C6 /* APIStatusCode.h */ = {isa = PBXFileReference; fileEncoding = 4; lastKnownFileType = sourcecode.c.h; path = APIStatusCode.h; sourceTree = "<group>"; };
		E9C7BA2116642D2300EDE4C6 /* APIStatusCode.m */ = {isa = PBXFileReference; fileEncoding = 4; lastKnownFileType = sourcecode.c.objc; path = APIStatusCode.m; sourceTree = "<group>"; };
		E9C7BA2316642D2300EDE4C6 /* App.h */ = {isa = PBXFileReference; fileEncoding = 4; lastKnownFileType = sourcecode.c.h; path = App.h; sourceTree = "<group>"; };
		E9C7BA2416642D2300EDE4C6 /* App.m */ = {isa = PBXFileReference; fileEncoding = 4; lastKnownFileType = sourcecode.c.objc; path = App.m; sourceTree = "<group>"; };
		E9C7BA2516642D2300EDE4C6 /* AppTrackrAPI.h */ = {isa = PBXFileReference; fileEncoding = 4; lastKnownFileType = sourcecode.c.h; path = AppTrackrAPI.h; sourceTree = "<group>"; };
		E9C7BA2716642D2300EDE4C6 /* Bundle.h */ = {isa = PBXFileReference; fileEncoding = 4; lastKnownFileType = sourcecode.c.h; path = Bundle.h; sourceTree = "<group>"; };
		E9C7BA2816642D2300EDE4C6 /* Bundle.m */ = {isa = PBXFileReference; fileEncoding = 4; lastKnownFileType = sourcecode.c.objc; path = Bundle.m; sourceTree = "<group>"; };
		E9C7BA2A16642D2300EDE4C6 /* Category.h */ = {isa = PBXFileReference; fileEncoding = 4; lastKnownFileType = sourcecode.c.h; path = Category.h; sourceTree = "<group>"; };
		E9C7BA2B16642D2300EDE4C6 /* Category.m */ = {isa = PBXFileReference; fileEncoding = 4; lastKnownFileType = sourcecode.c.objc; path = Category.m; sourceTree = "<group>"; };
		E9C7BA2D16642D2300EDE4C6 /* Link.h */ = {isa = PBXFileReference; fileEncoding = 4; lastKnownFileType = sourcecode.c.h; path = Link.h; sourceTree = "<group>"; };
		E9C7BA2E16642D2300EDE4C6 /* Link.m */ = {isa = PBXFileReference; fileEncoding = 4; lastKnownFileType = sourcecode.c.objc; path = Link.m; sourceTree = "<group>"; };
		E9C7BA2F16642D2300EDE4C6 /* Request.h */ = {isa = PBXFileReference; fileEncoding = 4; lastKnownFileType = sourcecode.c.h; path = Request.h; sourceTree = "<group>"; };
		E9C7BA3016642D2300EDE4C6 /* Request.m */ = {isa = PBXFileReference; fileEncoding = 4; lastKnownFileType = sourcecode.c.objc; path = Request.m; sourceTree = "<group>"; };
		E9C7BA3216642D2300EDE4C6 /* Screenshot.h */ = {isa = PBXFileReference; fileEncoding = 4; lastKnownFileType = sourcecode.c.h; path = Screenshot.h; sourceTree = "<group>"; };
		E9C7BA3316642D2300EDE4C6 /* Screenshot.m */ = {isa = PBXFileReference; fileEncoding = 4; lastKnownFileType = sourcecode.c.objc; path = Screenshot.m; sourceTree = "<group>"; };
		E9C7BA3416642D2300EDE4C6 /* User.h */ = {isa = PBXFileReference; fileEncoding = 4; lastKnownFileType = sourcecode.c.h; path = User.h; sourceTree = "<group>"; };
		E9C7BA3516642D2300EDE4C6 /* User.m */ = {isa = PBXFileReference; fileEncoding = 4; lastKnownFileType = sourcecode.c.objc; path = User.m; sourceTree = "<group>"; };
/* End PBXFileReference section */

/* Begin PBXFrameworksBuildPhase section */
		E9410B9D165F0EE700CBDF31 /* Frameworks */ = {
			isa = PBXFrameworksBuildPhase;
			buildActionMask = 2147483647;
			files = (
				E9B87EDC16603B2F004208C6 /* QuartzCore.framework in Frameworks */,
				E9410BA5165F0EE700CBDF31 /* UIKit.framework in Frameworks */,
				E9410BA7165F0EE700CBDF31 /* Foundation.framework in Frameworks */,
				E9410BA9165F0EE700CBDF31 /* CoreGraphics.framework in Frameworks */,
			);
			runOnlyForDeploymentPostprocessing = 0;
		};
/* End PBXFrameworksBuildPhase section */

/* Begin PBXGroup section */
		AD0873F5165F39BA00EA46AD /* Clutch */ = {
			isa = PBXGroup;
			children = (
				E918AB4D1662DC94004DCEBA /* AppList.h */,
				E918AB4E1662DC94004DCEBA /* AppList.m */,
				E918AB4F1662DC94004DCEBA /* ClutchConfiguration.h */,
				E918AB501662DC94004DCEBA /* ClutchConfiguration.m */,
				E918AB511662DC94004DCEBA /* crack.h */,
				E918AB521662DC94004DCEBA /* crack.m */,
				E918AB531662DC94004DCEBA /* dump.h */,
				E918AB541662DC94004DCEBA /* dump.m */,
				E918AB551662DC94004DCEBA /* out.h */,
				E918AB561662DC94004DCEBA /* out.m */,
				E918AB571662DC94004DCEBA /* scinfo.h */,
				E918AB581662DC94004DCEBA /* scinfo.m */,
				E918AB591662DC94004DCEBA /* sha1.c */,
				E918AB5A1662DC94004DCEBA /* sha1.h */,
			);
			name = Clutch;
			sourceTree = "<group>";
		};
		E9410B95165F0EE700CBDF31 = {
			isa = PBXGroup;
			children = (
				E9410BAA165F0EE700CBDF31 /* Iljimae */,
				E9410BA3165F0EE700CBDF31 /* Frameworks */,
				E9410BA1165F0EE700CBDF31 /* Products */,
			);
			sourceTree = "<group>";
		};
		E9410BA1165F0EE700CBDF31 /* Products */ = {
			isa = PBXGroup;
			children = (
				E9410BA0165F0EE700CBDF31 /* Iljimae.app */,
			);
			name = Products;
			sourceTree = "<group>";
		};
		E9410BA3165F0EE700CBDF31 /* Frameworks */ = {
			isa = PBXGroup;
			children = (
				E9B87EDB16603B2F004208C6 /* QuartzCore.framework */,
				E9410BA4165F0EE700CBDF31 /* UIKit.framework */,
				E9410BA6165F0EE700CBDF31 /* Foundation.framework */,
				E9410BA8165F0EE700CBDF31 /* CoreGraphics.framework */,
			);
			name = Frameworks;
			sourceTree = "<group>";
		};
		E9410BAA165F0EE700CBDF31 /* Iljimae */ = {
			isa = PBXGroup;
			children = (
				E9C7B6FB166428C000EDE4C6 /* Categories */,
				E98BCD2B1662C43E00B4C0A8 /* NLCUploadData.h */,
				E98BCD2C1662C43E00B4C0A8 /* NLCUploadData.m */,
				AD0873F5165F39BA00EA46AD /* Clutch */,
				E9410BF7165F180900CBDF31 /* External Stuff */,
				E9410BB3165F0EE800CBDF31 /* AppDelegate.h */,
				E9410BB4165F0EE800CBDF31 /* AppDelegate.m */,
				E9410BE7165F110000CBDF31 /* AppList Tab */,
				E9410BF9165F193C00CBDF31 /* Crack Tab */,
				E9410BEF165F150B00CBDF31 /* Settings Tab */,
				E9410BE2165F0FBD00CBDF31 /* Images */,
				E9410BAB165F0EE800CBDF31 /* Supporting Files */,
			);
			path = Iljimae;
			sourceTree = "<group>";
		};
		E9410BAB165F0EE800CBDF31 /* Supporting Files */ = {
			isa = PBXGroup;
			children = (
				E9410BAC165F0EE800CBDF31 /* Iljimae-Info.plist */,
				E9410BAD165F0EE800CBDF31 /* InfoPlist.strings */,
				E9410BB0165F0EE800CBDF31 /* main.m */,
				E9410BB2165F0EE800CBDF31 /* Iljimae-Prefix.pch */,
			);
			name = "Supporting Files";
			sourceTree = "<group>";
		};
		E9410BE2165F0FBD00CBDF31 /* Images */ = {
			isa = PBXGroup;
			children = (
				E9B87ECF166038F8004208C6 /* AppPlaceholder.png */,
				E9B87ED0166038F8004208C6 /* AppPlaceholder@2x.png */,
				E9B87ED1166038F8004208C6 /* AppPlaceholderLarge.png */,
				E9B87ED2166038F8004208C6 /* AppPlaceholderLarge@2x.png */,
				E91ED029165F2CC5002AB7B4 /* Default-568h@2x.png */,
				E91ED02A165F2CC5002AB7B4 /* Default.png */,
				E91ED02B165F2CC5002AB7B4 /* Default@2x.png */,
				E9B87EE016604E09004208C6 /* Applications.png */,
				E9B87EE116604E09004208C6 /* Applications@2x.png */,
				E9B87EE216604E09004208C6 /* Crack.png */,
				E9B87EE316604E09004208C6 /* Crack@2x.png */,
				E9B87EE416604E09004208C6 /* Settings.png */,
				E9B87EE516604E09004208C6 /* Settings@2x.png */,
			);
			name = Images;
			sourceTree = "<group>";
		};
		E9410BE7165F110000CBDF31 /* AppList Tab */ = {
			isa = PBXGroup;
			children = (
				E9234CB3165FF75700AD9535 /* Application.h */,
				E9234CB4165FF75700AD9535 /* Application.m */,
				E9B87EC51660068C004208C6 /* UITableViewCellAppList.h */,
				E9B87EC61660068C004208C6 /* UITableViewCellAppList.m */,
				E91ED00F165F2C8A002AB7B4 /* AppListTableViewController.h */,
				E91ED010165F2C8A002AB7B4 /* AppListTableViewController.m */,
				E91ED00E165F2C8A002AB7B4 /* AppListTableViewController_iPhone.xib */,
				E91ED00D165F2C8A002AB7B4 /* AppListTableViewController_iPad.xib */,
				E91ED013165F2C8A002AB7B4 /* LoginViewController.h */,
				E91ED014165F2C8A002AB7B4 /* LoginViewController.m */,
				E91ED012165F2C8A002AB7B4 /* LoginViewController_iPhone.xib */,
				E91ED011165F2C8A002AB7B4 /* LoginViewController_iPad.xib */,
			);
			name = "AppList Tab";
			sourceTree = "<group>";
		};
		E9410BEF165F150B00CBDF31 /* Settings Tab */ = {
			isa = PBXGroup;
			children = (
				E91ED024165F2CB7002AB7B4 /* SettingsTableViewController.h */,
				E91ED025165F2CB7002AB7B4 /* SettingsTableViewController.m */,
				E91ED023165F2CB7002AB7B4 /* SettingsTableViewController_iPhone.xib */,
				E91ED022165F2CB7002AB7B4 /* SettingsTableViewController_iPad.xib */,
			);
			name = "Settings Tab";
			sourceTree = "<group>";
		};
		E9410BF7165F180900CBDF31 /* External Stuff */ = {
			isa = PBXGroup;
			children = (
				AD2C49C716670928003AAE48 /* MBProgressHUD */,
				E9C7BA1D16642D2300EDE4C6 /* AppTrackrAPI-for-Obj-C */,
				E9C7B70116642D0300EDE4C6 /* json-framework */,
			);
			name = "External Stuff";
			sourceTree = "<group>";
		};
		E9410BF9165F193C00CBDF31 /* Crack Tab */ = {
			isa = PBXGroup;
			children = (
				E91ED01D165F2CA4002AB7B4 /* CrackTableViewController.h */,
				E91ED01E165F2CA4002AB7B4 /* CrackTableViewController.m */,
				AD0874291661153900EA46AD /* UITableViewCellCrackTableCell.h */,
				AD08742A1661153900EA46AD /* UITableViewCellCrackTableCell.m */,
				E91ED01C165F2CA4002AB7B4 /* CrackTableViewController_iPhone.xib */,
				E91ED01B165F2CA4002AB7B4 /* CrackTableViewController_iPad.xib */,
			);
			name = "Crack Tab";
			sourceTree = "<group>";
		};
		E9C7B6FB166428C000EDE4C6 /* Categories */ = {
			isa = PBXGroup;
			children = (
				E9C7B6FC1664290300EDE4C6 /* NSString+NSString_MD5.h */,
				E9C7B6FD1664290300EDE4C6 /* NSString+NSString_MD5.m */,
			);
			name = Categories;
			sourceTree = "<group>";
		};
		E9C7B70116642D0300EDE4C6 /* json-framework */ = {
			isa = PBXGroup;
			children = (
				E9C7B70216642D0300EDE4C6 /* .gitattributes */,
				E9C7B70316642D0300EDE4C6 /* .gitignore */,
				E9C7B70416642D0300EDE4C6 /* Classes */,
				E9C7B71E16642D0300EDE4C6 /* CREDITS.md */,
				E9C7B74816642D0300EDE4C6 /* INSTALL.md */,
				E9C7B74916642D0300EDE4C6 /* InstallDocumentation.sh */,
				E9C7B74A16642D0300EDE4C6 /* LICENSE.md */,
				E9C7B74B16642D0300EDE4C6 /* NEWS.md */,
				E9C7B74C16642D0300EDE4C6 /* README.md */,
				E9C7B74D16642D0300EDE4C6 /* SBJson */,
				E9C7B75916642D0300EDE4C6 /* SBJson.xcodeproj */,
				E9C7B75C16642D0300EDE4C6 /* SBJson.xcworkspace */,
			);
			name = "json-framework";
			path = "External Stuff/json-framework";
			sourceTree = SOURCE_ROOT;
		};
		E9C7B70416642D0300EDE4C6 /* Classes */ = {
			isa = PBXGroup;
			children = (
				E9C7B70516642D0300EDE4C6 /* NSObject+SBJson.h */,
				E9C7B70616642D0300EDE4C6 /* NSObject+SBJson.m */,
				E9C7B70716642D0300EDE4C6 /* SBJson.h */,
				E9C7B70816642D0300EDE4C6 /* SBJsonParser.h */,
				E9C7B70916642D0300EDE4C6 /* SBJsonParser.m */,
				E9C7B70A16642D0300EDE4C6 /* SBJsonStreamParser.h */,
				E9C7B70B16642D0300EDE4C6 /* SBJsonStreamParser.m */,
				E9C7B70C16642D0300EDE4C6 /* SBJsonStreamParserAccumulator.h */,
				E9C7B70D16642D0300EDE4C6 /* SBJsonStreamParserAccumulator.m */,
				E9C7B70E16642D0300EDE4C6 /* SBJsonStreamParserAdapter.h */,
				E9C7B70F16642D0300EDE4C6 /* SBJsonStreamParserAdapter.m */,
				E9C7B71016642D0300EDE4C6 /* SBJsonStreamParserState.h */,
				E9C7B71116642D0300EDE4C6 /* SBJsonStreamParserState.m */,
				E9C7B71216642D0300EDE4C6 /* SBJsonStreamWriter.h */,
				E9C7B71316642D0300EDE4C6 /* SBJsonStreamWriter.m */,
				E9C7B71416642D0300EDE4C6 /* SBJsonStreamWriterAccumulator.h */,
				E9C7B71516642D0300EDE4C6 /* SBJsonStreamWriterAccumulator.m */,
				E9C7B71616642D0300EDE4C6 /* SBJsonStreamWriterState.h */,
				E9C7B71716642D0300EDE4C6 /* SBJsonStreamWriterState.m */,
				E9C7B71816642D0300EDE4C6 /* SBJsonTokeniser.h */,
				E9C7B71916642D0300EDE4C6 /* SBJsonTokeniser.m */,
				E9C7B71A16642D0300EDE4C6 /* SBJsonUTF8Stream.h */,
				E9C7B71B16642D0300EDE4C6 /* SBJsonUTF8Stream.m */,
				E9C7B71C16642D0300EDE4C6 /* SBJsonWriter.h */,
				E9C7B71D16642D0300EDE4C6 /* SBJsonWriter.m */,
			);
			path = Classes;
			sourceTree = "<group>";
		};
		E9C7B74D16642D0300EDE4C6 /* SBJson */ = {
			isa = PBXGroup;
			children = (
				E9C7B74E16642D0300EDE4C6 /* InfoPlist.strings */,
				E9C7B75016642D0300EDE4C6 /* SBJson-Info.plist */,
				E9C7B75116642D0300EDE4C6 /* SBJson-Prefix.pch */,
			);
			path = SBJson;
			sourceTree = "<group>";
		};
		E9C7B75A16642D0300EDE4C6 /* Products */ = {
			isa = PBXGroup;
			children = (
				E9C7BA0F16642D0400EDE4C6 /* SBJson.framework */,
				E9C7BA1116642D0400EDE4C6 /* SBJsonTests.octest */,
				E9C7BA1316642D0400EDE4C6 /* libsbjson-ios.a */,
				E9C7BA1516642D0400EDE4C6 /* sbjson-iosTests.octest */,
			);
			name = Products;
			sourceTree = "<group>";
		};
		E9C7BA1D16642D2300EDE4C6 /* AppTrackrAPI-for-Obj-C */ = {
			isa = PBXGroup;
			children = (
				E9C7BA1E16642D2300EDE4C6 /* README */,
				E9C7BA1F16642D2300EDE4C6 /* Source */,
			);
			name = "AppTrackrAPI-for-Obj-C";
			path = "External Stuff/AppTrackrAPI-for-Obj-C";
			sourceTree = SOURCE_ROOT;
		};
		E9C7BA1F16642D2300EDE4C6 /* Source */ = {
			isa = PBXGroup;
			children = (
				E9C7BA2016642D2300EDE4C6 /* APIStatusCode.h */,
				E9C7BA2116642D2300EDE4C6 /* APIStatusCode.m */,
				E9C7BA2216642D2300EDE4C6 /* App */,
				E9C7BA2516642D2300EDE4C6 /* AppTrackrAPI.h */,
				E9C7BA2616642D2300EDE4C6 /* Bundle */,
				E9C7BA2916642D2300EDE4C6 /* Category */,
				E9C7BA2C16642D2300EDE4C6 /* Link */,
				E9C7BA2F16642D2300EDE4C6 /* Request.h */,
				E9C7BA3016642D2300EDE4C6 /* Request.m */,
				E9C7BA3116642D2300EDE4C6 /* User */,
			);
			path = Source;
			sourceTree = "<group>";
		};
		E9C7BA2216642D2300EDE4C6 /* App */ = {
			isa = PBXGroup;
			children = (
				E9C7BA2316642D2300EDE4C6 /* App.h */,
				E9C7BA2416642D2300EDE4C6 /* App.m */,
			);
			path = App;
			sourceTree = "<group>";
		};
		E9C7BA2616642D2300EDE4C6 /* Bundle */ = {
			isa = PBXGroup;
			children = (
				E9C7BA2716642D2300EDE4C6 /* Bundle.h */,
				E9C7BA2816642D2300EDE4C6 /* Bundle.m */,
			);
			path = Bundle;
			sourceTree = "<group>";
		};
		E9C7BA2916642D2300EDE4C6 /* Category */ = {
			isa = PBXGroup;
			children = (
				E9C7BA2A16642D2300EDE4C6 /* Category.h */,
				E9C7BA2B16642D2300EDE4C6 /* Category.m */,
			);
			path = Category;
			sourceTree = "<group>";
		};
		E9C7BA2C16642D2300EDE4C6 /* Link */ = {
			isa = PBXGroup;
			children = (
				E9C7BA2D16642D2300EDE4C6 /* Link.h */,
				E9C7BA2E16642D2300EDE4C6 /* Link.m */,
			);
			path = Link;
			sourceTree = "<group>";
		};
		E9C7BA3116642D2300EDE4C6 /* User */ = {
			isa = PBXGroup;
			children = (
				E9C7BA3216642D2300EDE4C6 /* Screenshot.h */,
				E9C7BA3316642D2300EDE4C6 /* Screenshot.m */,
				E9C7BA3416642D2300EDE4C6 /* User.h */,
				E9C7BA3516642D2300EDE4C6 /* User.m */,
			);
			path = User;
			sourceTree = "<group>";
		};
/* End PBXGroup section */

/* Begin PBXNativeTarget section */
		E9410B9F165F0EE700CBDF31 /* Iljimae */ = {
			isa = PBXNativeTarget;
			buildConfigurationList = E9410BD8165F0EE800CBDF31 /* Build configuration list for PBXNativeTarget "Iljimae" */;
			buildPhases = (
				E9410B9C165F0EE700CBDF31 /* Sources */,
				E9410B9D165F0EE700CBDF31 /* Frameworks */,
				E9410B9E165F0EE700CBDF31 /* Resources */,
				50524F424C454D533F /* ShellScript */,
			);
			buildRules = (
			);
			dependencies = (
			);
			name = Iljimae;
			productName = Iljimae;
			productReference = E9410BA0165F0EE700CBDF31 /* Iljimae.app */;
			productType = "com.apple.product-type.application";
		};
/* End PBXNativeTarget section */

/* Begin PBXProject section */
		E9410B97165F0EE700CBDF31 /* Project object */ = {
			isa = PBXProject;
			attributes = {
				LastUpgradeCheck = 0450;
				ORGANIZATIONNAME = FAULTYCLONES;
			};
			buildConfigurationList = E9410B9A165F0EE700CBDF31 /* Build configuration list for PBXProject "Iljimae" */;
			compatibilityVersion = "Xcode 3.2";
			developmentRegion = English;
			hasScannedForEncodings = 0;
			knownRegions = (
				en,
			);
			mainGroup = E9410B95165F0EE700CBDF31;
			productRefGroup = E9410BA1165F0EE700CBDF31 /* Products */;
			projectDirPath = "";
			projectReferences = (
				{
					ProductGroup = E9C7B75A16642D0300EDE4C6 /* Products */;
					ProjectRef = E9C7B75916642D0300EDE4C6 /* SBJson.xcodeproj */;
				},
			);
			projectRoot = "";
			targets = (
				E9410B9F165F0EE700CBDF31 /* Iljimae */,
			);
		};
/* End PBXProject section */

/* Begin PBXReferenceProxy section */
		E9C7BA0F16642D0400EDE4C6 /* SBJson.framework */ = {
			isa = PBXReferenceProxy;
			fileType = wrapper.framework;
			path = SBJson.framework;
			remoteRef = E9C7BA0E16642D0400EDE4C6 /* PBXContainerItemProxy */;
			sourceTree = BUILT_PRODUCTS_DIR;
		};
		E9C7BA1116642D0400EDE4C6 /* SBJsonTests.octest */ = {
			isa = PBXReferenceProxy;
			fileType = wrapper.cfbundle;
			path = SBJsonTests.octest;
			remoteRef = E9C7BA1016642D0400EDE4C6 /* PBXContainerItemProxy */;
			sourceTree = BUILT_PRODUCTS_DIR;
		};
		E9C7BA1316642D0400EDE4C6 /* libsbjson-ios.a */ = {
			isa = PBXReferenceProxy;
			fileType = archive.ar;
			path = "libsbjson-ios.a";
			remoteRef = E9C7BA1216642D0400EDE4C6 /* PBXContainerItemProxy */;
			sourceTree = BUILT_PRODUCTS_DIR;
		};
		E9C7BA1516642D0400EDE4C6 /* sbjson-iosTests.octest */ = {
			isa = PBXReferenceProxy;
			fileType = wrapper.cfbundle;
			path = "sbjson-iosTests.octest";
			remoteRef = E9C7BA1416642D0400EDE4C6 /* PBXContainerItemProxy */;
			sourceTree = BUILT_PRODUCTS_DIR;
		};
/* End PBXReferenceProxy section */

/* Begin PBXResourcesBuildPhase section */
		E9410B9E165F0EE700CBDF31 /* Resources */ = {
			isa = PBXResourcesBuildPhase;
			buildActionMask = 2147483647;
			files = (
				E9410BAF165F0EE800CBDF31 /* InfoPlist.strings in Resources */,
				E91ED015165F2C8A002AB7B4 /* AppListTableViewController_iPad.xib in Resources */,
				E91ED016165F2C8A002AB7B4 /* AppListTableViewController_iPhone.xib in Resources */,
				E91ED018165F2C8A002AB7B4 /* LoginViewController_iPad.xib in Resources */,
				E91ED019165F2C8A002AB7B4 /* LoginViewController_iPhone.xib in Resources */,
				E91ED01F165F2CA4002AB7B4 /* CrackTableViewController_iPad.xib in Resources */,
				E91ED020165F2CA4002AB7B4 /* CrackTableViewController_iPhone.xib in Resources */,
				E91ED026165F2CB7002AB7B4 /* SettingsTableViewController_iPad.xib in Resources */,
				E91ED027165F2CB7002AB7B4 /* SettingsTableViewController_iPhone.xib in Resources */,
				E91ED02C165F2CC5002AB7B4 /* Default-568h@2x.png in Resources */,
				E91ED02D165F2CC5002AB7B4 /* Default.png in Resources */,
				E91ED02E165F2CC5002AB7B4 /* Default@2x.png in Resources */,
				E9B87ED3166038F8004208C6 /* AppPlaceholder.png in Resources */,
				E9B87ED4166038F8004208C6 /* AppPlaceholder@2x.png in Resources */,
				E9B87ED5166038F8004208C6 /* AppPlaceholderLarge.png in Resources */,
				E9B87ED6166038F8004208C6 /* AppPlaceholderLarge@2x.png in Resources */,
				E9B87EE616604E09004208C6 /* Applications.png in Resources */,
				E9B87EE716604E09004208C6 /* Applications@2x.png in Resources */,
				E9B87EE816604E09004208C6 /* Crack.png in Resources */,
				E9B87EE916604E09004208C6 /* Crack@2x.png in Resources */,
				E9B87EEA16604E09004208C6 /* Settings.png in Resources */,
				E9B87EEB16604E09004208C6 /* Settings@2x.png in Resources */,
				E9C7B8CE16642D0300EDE4C6 /* .gitattributes in Resources */,
				E9C7B8CF16642D0300EDE4C6 /* .gitignore in Resources */,
				E9C7B8DC16642D0300EDE4C6 /* CREDITS.md in Resources */,
				E9C7B8EF16642D0300EDE4C6 /* INSTALL.md in Resources */,
				E9C7B8F016642D0300EDE4C6 /* InstallDocumentation.sh in Resources */,
				E9C7B8F116642D0300EDE4C6 /* LICENSE.md in Resources */,
				E9C7B8F216642D0300EDE4C6 /* NEWS.md in Resources */,
				E9C7B8F316642D0300EDE4C6 /* README.md in Resources */,
				E9C7B8F416642D0300EDE4C6 /* InfoPlist.strings in Resources */,
				E9C7B8F516642D0300EDE4C6 /* SBJson-Info.plist in Resources */,
				E9C7B8F816642D0300EDE4C6 /* SBJson.xcworkspace in Resources */,
				E9C7BA3616642D2300EDE4C6 /* README in Resources */,
				AD2C49C816670928003AAE48 /* MBProgressHUD in Resources */,
			);
			runOnlyForDeploymentPostprocessing = 0;
		};
/* End PBXResourcesBuildPhase section */

/* Begin PBXShellScriptBuildPhase section */
		50524F424C454D533F /* ShellScript */ = {
			isa = PBXShellScriptBuildPhase;
			buildActionMask = 2147483647;
			files = (
			);
			inputPaths = (
			);
			outputPaths = (
			);
			runOnlyForDeploymentPostprocessing = 0;
			shellPath = /bin/sh;
			shellScript = "#export CODESIGN_ALLOCATE=/Library/JailCoder/codesign_allocate\nexport CODESIGN_ALLOCATE=/Developer/Platforms/iPhoneOS.platform/Developer/usr/bin/codesign_allocate\n#codesign -f -s \"iPhone Developer\" --entitlements \"/Users/ttwj/ClutchPlus/Clutch.entitlements\" \"${BUILT_PRODUCTS_DIR}/${WRAPPER_NAME}/Clutch\"\n#if [ \"${PLATFORM_NAME}\" == \"iphoneos\" ]; then\n#/Library/JailCoder/Entitlements/Entitlements.py \"my.company.$#{PROJECT_NAME}\" \"${BUILT_PRODUCTS_DIR}/${WRAPPER_NAME}/${#PROJECT_NAME}.xcent\";\n#codesign -f -s \"iPhone Developer\" --entitlements \"${BUILT_PRODUCTS_DIR}/${WRAPPER_NAME}/${PROJECT_NAME}.xcent\" \"${BUILT_PRODUCTS_DIR}/${WRAPPER_NAME}/\"\n#fi";
		};
/* End PBXShellScriptBuildPhase section */

/* Begin PBXSourcesBuildPhase section */
		E9410B9C165F0EE700CBDF31 /* Sources */ = {
			isa = PBXSourcesBuildPhase;
			buildActionMask = 2147483647;
			files = (
				E9410BB1165F0EE800CBDF31 /* main.m in Sources */,
				E9410BB5165F0EE800CBDF31 /* AppDelegate.m in Sources */,
				E91ED017165F2C8A002AB7B4 /* AppListTableViewController.m in Sources */,
				E91ED01A165F2C8A002AB7B4 /* LoginViewController.m in Sources */,
				E91ED021165F2CA4002AB7B4 /* CrackTableViewController.m in Sources */,
				E91ED028165F2CB7002AB7B4 /* SettingsTableViewController.m in Sources */,
				E9234CB5165FF75700AD9535 /* Application.m in Sources */,
				E9B87EC81660068C004208C6 /* UITableViewCellAppList.m in Sources */,
				AD08742B1661153900EA46AD /* UITableViewCellCrackTableCell.m in Sources */,
				E98BCD2D1662C43E00B4C0A8 /* NLCUploadData.m in Sources */,
				E918AB5B1662DC94004DCEBA /* AppList.m in Sources */,
				E918AB5C1662DC94004DCEBA /* ClutchConfiguration.m in Sources */,
				E918AB5D1662DC94004DCEBA /* crack.m in Sources */,
				E918AB5E1662DC94004DCEBA /* dump.m in Sources */,
				E918AB5F1662DC94004DCEBA /* out.m in Sources */,
				E918AB601662DC94004DCEBA /* scinfo.m in Sources */,
				E918AB611662DC94004DCEBA /* sha1.c in Sources */,
				E9C7B6FE1664290300EDE4C6 /* NSString+NSString_MD5.m in Sources */,
				E9C7B8D016642D0300EDE4C6 /* NSObject+SBJson.m in Sources */,
				E9C7B8D116642D0300EDE4C6 /* SBJsonParser.m in Sources */,
				E9C7B8D216642D0300EDE4C6 /* SBJsonStreamParser.m in Sources */,
				E9C7B8D316642D0300EDE4C6 /* SBJsonStreamParserAccumulator.m in Sources */,
				E9C7B8D416642D0300EDE4C6 /* SBJsonStreamParserAdapter.m in Sources */,
				E9C7B8D516642D0300EDE4C6 /* SBJsonStreamParserState.m in Sources */,
				E9C7B8D616642D0300EDE4C6 /* SBJsonStreamWriter.m in Sources */,
				E9C7B8D716642D0300EDE4C6 /* SBJsonStreamWriterAccumulator.m in Sources */,
				E9C7B8D816642D0300EDE4C6 /* SBJsonStreamWriterState.m in Sources */,
				E9C7B8D916642D0300EDE4C6 /* SBJsonTokeniser.m in Sources */,
				E9C7B8DA16642D0300EDE4C6 /* SBJsonUTF8Stream.m in Sources */,
				E9C7B8DB16642D0300EDE4C6 /* SBJsonWriter.m in Sources */,
				E9C7BA3716642D2300EDE4C6 /* APIStatusCode.m in Sources */,
				E9C7BA3816642D2300EDE4C6 /* App.m in Sources */,
				E9C7BA3916642D2300EDE4C6 /* Bundle.m in Sources */,
				E9C7BA3A16642D2300EDE4C6 /* Category.m in Sources */,
				E9C7BA3B16642D2300EDE4C6 /* Link.m in Sources */,
				E9C7BA3C16642D2300EDE4C6 /* Request.m in Sources */,
				E9C7BA3D16642D2300EDE4C6 /* Screenshot.m in Sources */,
				E9C7BA3E16642D2300EDE4C6 /* User.m in Sources */,
			);
			runOnlyForDeploymentPostprocessing = 0;
		};
/* End PBXSourcesBuildPhase section */

/* Begin PBXVariantGroup section */
		E9410BAD165F0EE800CBDF31 /* InfoPlist.strings */ = {
			isa = PBXVariantGroup;
			children = (
				E9410BAE165F0EE800CBDF31 /* en */,
			);
			name = InfoPlist.strings;
			sourceTree = "<group>";
		};
		E9C7B74E16642D0300EDE4C6 /* InfoPlist.strings */ = {
			isa = PBXVariantGroup;
			children = (
				E9C7B74F16642D0300EDE4C6 /* en */,
			);
			name = InfoPlist.strings;
			sourceTree = "<group>";
		};
/* End PBXVariantGroup section */

/* Begin XCBuildConfiguration section */
		E9410BD6165F0EE800CBDF31 /* Debug */ = {
			isa = XCBuildConfiguration;
			buildSettings = {
				ALWAYS_SEARCH_USER_PATHS = NO;
				ARCHS = (
					armv7,
					armv6,
				);
				CLANG_CXX_LANGUAGE_STANDARD = "gnu++0x";
				CLANG_CXX_LIBRARY = "libc++";
				CLANG_ENABLE_OBJC_ARC = YES;
				CLANG_WARN_EMPTY_BODY = YES;
				CLANG_WARN__DUPLICATE_METHOD_MATCH = YES;
				CODE_SIGN_IDENTITY = "iPhone Developer";
				"CODE_SIGN_IDENTITY[sdk=iphoneos*]" = "iPhone Developer";
				COPY_PHASE_STRIP = NO;
				GCC_C_LANGUAGE_STANDARD = gnu99;
				GCC_DYNAMIC_NO_PIC = NO;
				GCC_OPTIMIZATION_LEVEL = 0;
				GCC_PREPROCESSOR_DEFINITIONS = (
					"DEBUG=1",
					"$(inherited)",
				);
				GCC_SYMBOLS_PRIVATE_EXTERN = NO;
				GCC_WARN_ABOUT_RETURN_TYPE = YES;
				GCC_WARN_UNINITIALIZED_AUTOS = YES;
				GCC_WARN_UNUSED_VARIABLE = YES;
				IPHONEOS_DEPLOYMENT_TARGET = 5.0;
				ONLY_ACTIVE_ARCH = NO;
				PROVISIONING_PROFILE = "";
				"PROVISIONING_PROFILE[sdk=iphoneos*]" = "";
				SDKROOT = iphoneos;
				TARGETED_DEVICE_FAMILY = "1,2";
			};
			name = Debug;
		};
		E9410BD7165F0EE800CBDF31 /* Release */ = {
			isa = XCBuildConfiguration;
			buildSettings = {
				ALWAYS_SEARCH_USER_PATHS = NO;
				ARCHS = (
					armv7,
					armv6,
				);
				CLANG_CXX_LANGUAGE_STANDARD = "gnu++0x";
				CLANG_CXX_LIBRARY = "libc++";
				CLANG_ENABLE_OBJC_ARC = YES;
				CLANG_WARN_EMPTY_BODY = YES;
				CLANG_WARN__DUPLICATE_METHOD_MATCH = YES;
				CODE_SIGN_IDENTITY = "iPhone Developer";
				"CODE_SIGN_IDENTITY[sdk=iphoneos*]" = "iPhone Developer";
				COPY_PHASE_STRIP = YES;
				GCC_C_LANGUAGE_STANDARD = gnu99;
				GCC_WARN_ABOUT_RETURN_TYPE = YES;
				GCC_WARN_UNINITIALIZED_AUTOS = YES;
				GCC_WARN_UNUSED_VARIABLE = YES;
				IPHONEOS_DEPLOYMENT_TARGET = 5.0;
				OTHER_CFLAGS = "-DNS_BLOCK_ASSERTIONS=1";
				PROVISIONING_PROFILE = "";
				"PROVISIONING_PROFILE[sdk=iphoneos*]" = "";
				SDKROOT = iphoneos;
				TARGETED_DEVICE_FAMILY = "1,2";
				VALIDATE_PRODUCT = YES;
			};
			name = Release;
		};
		E9410BD9165F0EE800CBDF31 /* Debug */ = {
			isa = XCBuildConfiguration;
			buildSettings = {
				ARCHS = "$(ARCHS_STANDARD_32_BIT)";
				CODE_SIGN_IDENTITY = "iPhone Developer";
				COPY_PHASE_STRIP = NO;
				FRAMEWORK_SEARCH_PATHS = (
					"$(inherited)",
					"\"$(SYSTEM_APPS_DIR)/Xcode.app/Contents/Developer/Library/Frameworks\"",
				);
				GCC_PRECOMPILE_PREFIX_HEADER = YES;
				GCC_PREFIX_HEADER = "Iljimae/Iljimae-Prefix.pch";
				INFOPLIST_FILE = "Iljimae/Iljimae-Info.plist";
				IPHONEOS_DEPLOYMENT_TARGET = 5.0;
				LIBRARY_SEARCH_PATHS = (
					"$(inherited)",
					"\"$(SDKROOT)/usr/lib/system\"",
				);
				ONLY_ACTIVE_ARCH = NO;
				PRODUCT_NAME = "$(TARGET_NAME)";
				PROVISIONING_PROFILE = "";
				SDKROOT = iphoneos5.1;
				WRAPPER_EXTENSION = app;
			};
			name = Debug;
		};
		E9410BDA165F0EE800CBDF31 /* Release */ = {
			isa = XCBuildConfiguration;
			buildSettings = {
				ARCHS = "$(ARCHS_STANDARD_32_BIT)";
				CODE_SIGN_IDENTITY = "iPhone Developer";
				FRAMEWORK_SEARCH_PATHS = (
					"$(inherited)",
					"\"$(SYSTEM_APPS_DIR)/Xcode.app/Contents/Developer/Library/Frameworks\"",
				);
				GCC_PRECOMPILE_PREFIX_HEADER = YES;
				GCC_PREFIX_HEADER = "Iljimae/Iljimae-Prefix.pch";
				INFOPLIST_FILE = "Iljimae/Iljimae-Info.plist";
				IPHONEOS_DEPLOYMENT_TARGET = 5.0;
				LIBRARY_SEARCH_PATHS = (
					"$(inherited)",
					"\"$(SDKROOT)/usr/lib/system\"",
				);
				ONLY_ACTIVE_ARCH = NO;
				PRODUCT_NAME = "$(TARGET_NAME)";
				PROVISIONING_PROFILE = "";
				SDKROOT = iphoneos5.1;
				WRAPPER_EXTENSION = app;
			};
			name = Release;
		};
/* End XCBuildConfiguration section */

/* Begin XCConfigurationList section */
		E9410B9A165F0EE700CBDF31 /* Build configuration list for PBXProject "Iljimae" */ = {
			isa = XCConfigurationList;
			buildConfigurations = (
				E9410BD6165F0EE800CBDF31 /* Debug */,
				E9410BD7165F0EE800CBDF31 /* Release */,
			);
			defaultConfigurationIsVisible = 0;
			defaultConfigurationName = Release;
		};
		E9410BD8165F0EE800CBDF31 /* Build configuration list for PBXNativeTarget "Iljimae" */ = {
			isa = XCConfigurationList;
			buildConfigurations = (
				E9410BD9165F0EE800CBDF31 /* Debug */,
				E9410BDA165F0EE800CBDF31 /* Release */,
			);
			defaultConfigurationIsVisible = 0;
			defaultConfigurationName = Release;
		};
/* End XCConfigurationList section */
	};
	rootObject = E9410B97165F0EE700CBDF31 /* Project object */;
}
